
Microsoft Visual Studio Solution File, Format Version 12.00
# Visual Studio Version 16
VisualStudioVersion = 16.0.31624.102
MinimumVisualStudioVersion = 10.0.40219.1
Project("{FAE04EC0-301F-11D3-BF4B-00C04F79EFBC}") = "ZekaWinForm", "ZekaWinForm\ZekaWinForm.csproj", "{01726A9F-0A09-4DCD-A100-88F1971EB060}"
EndProject
Global
	GlobalSection(SolutionConfigurationPlatforms) = preSolution
		Debug|Any CPU = Debug|Any CPU
		Release|Any CPU = Release|Any CPU
	EndGlobalSection
	GlobalSection(ProjectConfigurationPlatforms) = postSolution
		{01726A9F-0A09-4DCD-A100-88F1971EB060}.Debug|Any CPU.ActiveCfg = Debug|Any CPU
		{01726A9F-0A09-4DCD-A100-88F1971EB060}.Debug|Any CPU.Build.0 = Debug|Any CPU
		{01726A9F-0A09-4DCD-A100-88F1971EB060}.Release|Any CPU.ActiveCfg = Release|Any CPU
		{01726A9F-0A09-4DCD-A100-88F1971EB060}.Release|Any CPU.Build.0 = Release|Any CPU
	EndGlobalSection
	GlobalSection(SolutionProperties) = preSolution
		HideSolutionNode = FALSE
	EndGlobalSection
	GlobalSection(ExtensibilityGlobals) = postSolution
		SolutionGuid = {C3B4175C-2C34-4976-B87E-8D22C23D5C0C}
	EndGlobalSection
EndGlobal
